
Microsoft Visual Studio Solution File, Format Version 12.00
# Visual Studio Express 2013 for Windows Desktop
VisualStudioVersion = 12.0.40629.0
MinimumVisualStudioVersion = 10.0.40219.1
Project("{FAE04EC0-301F-11D3-BF4B-00C04F79EFBC}") = "AvionicsSystems", "AvionicsSystems.csproj", "{4F66C4FC-D095-4D30-A0FE-01EDD2BAF6A8}"
	ProjectSection(ProjectDependencies) = postProject
		{CF35EB20-FEA7-4A08-8085-1EB7A7D764DA} = {CF35EB20-FEA7-4A08-8085-1EB7A7D764DA}
	EndProjectSection
EndProject
Project("{FAE04EC0-301F-11D3-BF4B-00C04F79EFBC}") = "Documentor", "Documentor\Documentor.csproj", "{CF35EB20-FEA7-4A08-8085-1EB7A7D764DA}"
EndProject
Project("{FAE04EC0-301F-11D3-BF4B-00C04F79EFBC}") = "PropConfig", "PropConfig\PropConfig.csproj", "{39866512-2A08-49BC-8694-3E2137C8E6D5}"
EndProject
Global
	GlobalSection(SolutionConfigurationPlatforms) = preSolution
		Debug|Any CPU = Debug|Any CPU
		Release|Any CPU = Release|Any CPU
	EndGlobalSection
	GlobalSection(ProjectConfigurationPlatforms) = postSolution
		{4F66C4FC-D095-4D30-A0FE-01EDD2BAF6A8}.Debug|Any CPU.ActiveCfg = Debug|Any CPU
		{4F66C4FC-D095-4D30-A0FE-01EDD2BAF6A8}.Debug|Any CPU.Build.0 = Debug|Any CPU
		{4F66C4FC-D095-4D30-A0FE-01EDD2BAF6A8}.Release|Any CPU.ActiveCfg = Release|Any CPU
		{4F66C4FC-D095-4D30-A0FE-01EDD2BAF6A8}.Release|Any CPU.Build.0 = Release|Any CPU
		{CF35EB20-FEA7-4A08-8085-1EB7A7D764DA}.Debug|Any CPU.ActiveCfg = Debug|Any CPU
		{CF35EB20-FEA7-4A08-8085-1EB7A7D764DA}.Debug|Any CPU.Build.0 = Debug|Any CPU
		{CF35EB20-FEA7-4A08-8085-1EB7A7D764DA}.Release|Any CPU.ActiveCfg = Release|Any CPU
		{CF35EB20-FEA7-4A08-8085-1EB7A7D764DA}.Release|Any CPU.Build.0 = Release|Any CPU
		{39866512-2A08-49BC-8694-3E2137C8E6D5}.Debug|Any CPU.ActiveCfg = Debug|Any CPU
		{39866512-2A08-49BC-8694-3E2137C8E6D5}.Debug|Any CPU.Build.0 = Debug|Any CPU
		{39866512-2A08-49BC-8694-3E2137C8E6D5}.Release|Any CPU.ActiveCfg = Release|Any CPU
		{39866512-2A08-49BC-8694-3E2137C8E6D5}.Release|Any CPU.Build.0 = Release|Any CPU
	EndGlobalSection
	GlobalSection(SolutionProperties) = preSolution
		HideSolutionNode = FALSE
	EndGlobalSection
EndGlobal
